
Microsoft Visual Studio Solution File, Format Version 12.00
# Visual Studio 15
VisualStudioVersion = 15.0.27130.2027
MinimumVisualStudioVersion = 10.0.40219.1
Project("{FAE04EC0-301F-11D3-BF4B-00C04F79EFBC}") = "deserialize", "deserialize.csproj", "{BE5B6D83-21C7-48D0-9219-458314846433}"
EndProject
Global
	GlobalSection(SolutionConfigurationPlatforms) = preSolution
		Debug|x86 = Debug|x86
		Release|x86 = Release|x86
	EndGlobalSection
	GlobalSection(ProjectConfigurationPlatforms) = postSolution
		{BE5B6D83-21C7-48D0-9219-458314846433}.Debug|x86.ActiveCfg = Debug|x86
		{BE5B6D83-21C7-48D0-9219-458314846433}.Debug|x86.Build.0 = Debug|x86
		{BE5B6D83-21C7-48D0-9219-458314846433}.Release|x86.ActiveCfg = Release|x86
		{BE5B6D83-21C7-48D0-9219-458314846433}.Release|x86.Build.0 = Release|x86
	EndGlobalSection
	GlobalSection(SolutionProperties) = preSolution
		HideSolutionNode = FALSE
	EndGlobalSection
	GlobalSection(ExtensibilityGlobals) = postSolution
		SolutionGuid = {BE2D446A-144F-4636-A67B-0C0E89BE4402}
	EndGlobalSection
EndGlobal
