
Microsoft Visual Studio Solution File, Format Version 12.00
# Visual Studio 15
VisualStudioVersion = 15.0.27130.2027
MinimumVisualStudioVersion = 10.0.40219.1
Project("{FAE04EC0-301F-11D3-BF4B-00C04F79EFBC}") = "deserialize", "deserialize.csproj", "{BE5B6D83-21C7-48D0-9219-458314846433}"
EndProject
Project("{FAE04EC0-301F-11D3-BF4B-00C04F79EFBC}") = "GenPrinters", "..\GenPrinters\GenPrinters.csproj", "{F391ACB9-1F16-4560-85FE-BCEC2945EFC0}"
EndProject
Project("{FAE04EC0-301F-11D3-BF4B-00C04F79EFBC}") = "MarketScraper", "..\..\MarketQuery\MarketScraper\MarketScraper\MarketScraper.csproj", "{130E5A67-1234-4F3C-B0FE-B81A96BDDBE7}"
EndProject
Project("{FAE04EC0-301F-11D3-BF4B-00C04F79EFBC}") = "MongoDBTest", "..\..\MarketQuery\MarketScraper\MongoDBTest\MongoDBTest.csproj", "{58B370B8-8FC2-4220-A40D-9E9FBB9E8849}"
EndProject
Global
	GlobalSection(SolutionConfigurationPlatforms) = preSolution
		Debug|Any CPU = Debug|Any CPU
		Debug|x86 = Debug|x86
		Release|Any CPU = Release|Any CPU
		Release|x86 = Release|x86
	EndGlobalSection
	GlobalSection(ProjectConfigurationPlatforms) = postSolution
		{BE5B6D83-21C7-48D0-9219-458314846433}.Debug|Any CPU.ActiveCfg = Debug|x86
		{BE5B6D83-21C7-48D0-9219-458314846433}.Debug|x86.ActiveCfg = Debug|x86
		{BE5B6D83-21C7-48D0-9219-458314846433}.Debug|x86.Build.0 = Debug|x86
		{BE5B6D83-21C7-48D0-9219-458314846433}.Release|Any CPU.ActiveCfg = Release|x86
		{BE5B6D83-21C7-48D0-9219-458314846433}.Release|x86.ActiveCfg = Release|x86
		{BE5B6D83-21C7-48D0-9219-458314846433}.Release|x86.Build.0 = Release|x86
		{F391ACB9-1F16-4560-85FE-BCEC2945EFC0}.Debug|Any CPU.ActiveCfg = Debug|Any CPU
		{F391ACB9-1F16-4560-85FE-BCEC2945EFC0}.Debug|Any CPU.Build.0 = Debug|Any CPU
		{F391ACB9-1F16-4560-85FE-BCEC2945EFC0}.Debug|x86.ActiveCfg = Debug|Any CPU
		{F391ACB9-1F16-4560-85FE-BCEC2945EFC0}.Debug|x86.Build.0 = Debug|Any CPU
		{F391ACB9-1F16-4560-85FE-BCEC2945EFC0}.Release|Any CPU.ActiveCfg = Release|Any CPU
		{F391ACB9-1F16-4560-85FE-BCEC2945EFC0}.Release|Any CPU.Build.0 = Release|Any CPU
		{F391ACB9-1F16-4560-85FE-BCEC2945EFC0}.Release|x86.ActiveCfg = Release|Any CPU
		{F391ACB9-1F16-4560-85FE-BCEC2945EFC0}.Release|x86.Build.0 = Release|Any CPU
		{130E5A67-1234-4F3C-B0FE-B81A96BDDBE7}.Debug|Any CPU.ActiveCfg = Debug|Any CPU
		{130E5A67-1234-4F3C-B0FE-B81A96BDDBE7}.Debug|Any CPU.Build.0 = Debug|Any CPU
		{130E5A67-1234-4F3C-B0FE-B81A96BDDBE7}.Debug|x86.ActiveCfg = Debug|x86
		{130E5A67-1234-4F3C-B0FE-B81A96BDDBE7}.Debug|x86.Build.0 = Debug|x86
		{130E5A67-1234-4F3C-B0FE-B81A96BDDBE7}.Release|Any CPU.ActiveCfg = Release|Any CPU
		{130E5A67-1234-4F3C-B0FE-B81A96BDDBE7}.Release|Any CPU.Build.0 = Release|Any CPU
		{130E5A67-1234-4F3C-B0FE-B81A96BDDBE7}.Release|x86.ActiveCfg = Release|x86
		{130E5A67-1234-4F3C-B0FE-B81A96BDDBE7}.Release|x86.Build.0 = Release|x86
		{58B370B8-8FC2-4220-A40D-9E9FBB9E8849}.Debug|Any CPU.ActiveCfg = Debug|Any CPU
		{58B370B8-8FC2-4220-A40D-9E9FBB9E8849}.Debug|Any CPU.Build.0 = Debug|Any CPU
		{58B370B8-8FC2-4220-A40D-9E9FBB9E8849}.Debug|x86.ActiveCfg = Debug|Any CPU
		{58B370B8-8FC2-4220-A40D-9E9FBB9E8849}.Debug|x86.Build.0 = Debug|Any CPU
		{58B370B8-8FC2-4220-A40D-9E9FBB9E8849}.Release|Any CPU.ActiveCfg = Release|Any CPU
		{58B370B8-8FC2-4220-A40D-9E9FBB9E8849}.Release|Any CPU.Build.0 = Release|Any CPU
		{58B370B8-8FC2-4220-A40D-9E9FBB9E8849}.Release|x86.ActiveCfg = Release|Any CPU
		{58B370B8-8FC2-4220-A40D-9E9FBB9E8849}.Release|x86.Build.0 = Release|Any CPU
	EndGlobalSection
	GlobalSection(SolutionProperties) = preSolution
		HideSolutionNode = FALSE
	EndGlobalSection
	GlobalSection(ExtensibilityGlobals) = postSolution
		SolutionGuid = {BE2D446A-144F-4636-A67B-0C0E89BE4402}
	EndGlobalSection
EndGlobal
